
Microsoft Visual Studio Solution File, Format Version 12.00
# Visual Studio Version 16
VisualStudioVersion = 16.0.31205.134
MinimumVisualStudioVersion = 10.0.40219.1
Project("{FAE04EC0-301F-11D3-BF4B-00C04F79EFBC}") = "HealthAndSafetySkip", "HealthAndSafetySkip\HealthAndSafetySkip.csproj", "{B0E9493F-B35A-4E4A-A4F4-60C5A1C053A4}"
EndProject
Global
	GlobalSection(SolutionConfigurationPlatforms) = preSolution
		Debug|Any CPU = Debug|Any CPU
		Release|Any CPU = Release|Any CPU
	EndGlobalSection
	GlobalSection(ProjectConfigurationPlatforms) = postSolution
		{B0E9493F-B35A-4E4A-A4F4-60C5A1C053A4}.Debug|Any CPU.ActiveCfg = Debug|Any CPU
		{B0E9493F-B35A-4E4A-A4F4-60C5A1C053A4}.Debug|Any CPU.Build.0 = Debug|Any CPU
		{B0E9493F-B35A-4E4A-A4F4-60C5A1C053A4}.Release|Any CPU.ActiveCfg = Release|Any CPU
		{B0E9493F-B35A-4E4A-A4F4-60C5A1C053A4}.Release|Any CPU.Build.0 = Release|Any CPU
	EndGlobalSection
	GlobalSection(SolutionProperties) = preSolution
		HideSolutionNode = FALSE
	EndGlobalSection
	GlobalSection(ExtensibilityGlobals) = postSolution
		SolutionGuid = {4D9CC863-26F9-419F-AEFA-B1F7B757CB73}
	EndGlobalSection
EndGlobal
